{
    "name": "cdkworkshop.com",
    "version": "0.1.0",
    "lockfileVersion": 1,
    "requires": true,
    "dependencies": {
        "@aws-cdk/assets": {
            "version": "1.120.0",
            "resolved": "https://registry.npmjs.org/@aws-cdk/assets/-/assets-1.120.0.tgz",
            "integrity": "sha512-XbP4OYPx7Kj2YU/wTfRv/C0YM1rf296fZcmqk2Ld6MWKTrhslUNGw+rQbLhAEXIH+TQFgVLBy48EkqKhS6uQdA==",
            "requires": {
                "@aws-cdk/core": "1.120.0",
                "@aws-cdk/cx-api": "1.120.0",
                "constructs": "^3.3.69"
            }
        },
        "@aws-cdk/aws-apigateway": {
            "version": "1.120.0",
            "resolved": "https://registry.npmjs.org/@aws-cdk/aws-apigateway/-/aws-apigateway-1.120.0.tgz",
            "integrity": "sha512-uSGltS2ozGQY9iuDyGOyZ8u+aKdGYn+kWSZ1JDCMHLgLj3p/yNR6EPC2eE5QhWHKLwuE8/eVARCBGoTtCEs3uQ==",
            "requires": {
                "@aws-cdk/aws-certificatemanager": "1.120.0",
                "@aws-cdk/aws-cloudwatch": "1.120.0",
                "@aws-cdk/aws-cognito": "1.120.0",
                "@aws-cdk/aws-ec2": "1.120.0",
                "@aws-cdk/aws-elasticloadbalancingv2": "1.120.0",
                "@aws-cdk/aws-iam": "1.120.0",
                "@aws-cdk/aws-lambda": "1.120.0",
                "@aws-cdk/aws-logs": "1.120.0",
                "@aws-cdk/aws-s3": "1.120.0",
                "@aws-cdk/aws-s3-assets": "1.120.0",
                "@aws-cdk/core": "1.120.0",
                "@aws-cdk/cx-api": "1.120.0",
                "constructs": "^3.3.69"
            }
        },
        "@aws-cdk/aws-applicationautoscaling": {
            "version": "1.120.0",
            "resolved": "https://registry.npmjs.org/@aws-cdk/aws-applicationautoscaling/-/aws-applicationautoscaling-1.120.0.tgz",
            "integrity": "sha512-dBo36TfhTifpMcuQG4O4XI11lDZaoI+kDKLHjGx61i6Yed+xcOq4YHJAyB0VEiXdpIuMwfEyDlHzzFNqxnEuGA==",
            "requires": {
                "@aws-cdk/aws-autoscaling-common": "1.120.0",
                "@aws-cdk/aws-cloudwatch": "1.120.0",
                "@aws-cdk/aws-iam": "1.120.0",
                "@aws-cdk/core": "1.120.0",
                "constructs": "^3.3.69"
            }
        },
        "@aws-cdk/aws-autoscaling": {
            "version": "1.120.0",
            "resolved": "https://registry.npmjs.org/@aws-cdk/aws-autoscaling/-/aws-autoscaling-1.120.0.tgz",
            "integrity": "sha512-NmivBFnOtaLpzFOnJ17Tva6oCFyuz+ssN0whLYNAgkyWQAAaT1/UqLp/+jiAovmASjtP40CvKGet2SpPJ7R69g==",
            "requires": {
                "@aws-cdk/aws-autoscaling-common": "1.120.0",
                "@aws-cdk/aws-cloudwatch": "1.120.0",
                "@aws-cdk/aws-ec2": "1.120.0",
                "@aws-cdk/aws-elasticloadbalancing": "1.120.0",
                "@aws-cdk/aws-elasticloadbalancingv2": "1.120.0",
                "@aws-cdk/aws-iam": "1.120.0",
                "@aws-cdk/aws-sns": "1.120.0",
                "@aws-cdk/core": "1.120.0",
                "constructs": "^3.3.69"
            }
        },
        "@aws-cdk/aws-autoscaling-common": {
            "version": "1.120.0",
            "resolved": "https://registry.npmjs.org/@aws-cdk/aws-autoscaling-common/-/aws-autoscaling-common-1.120.0.tgz",
            "integrity": "sha512-9iuHMyNGrXnD8fjh/4ObgOM0GZ+BpM/a2L/RF0O3UrmXGQx6nnMHztySle80ngqELLQqdybB9flrApO8mrUVpA==",
            "requires": {
                "@aws-cdk/aws-iam": "1.120.0",
                "@aws-cdk/core": "1.120.0",
                "constructs": "^3.3.69"
            }
        },
        "@aws-cdk/aws-autoscaling-hooktargets": {
            "version": "1.120.0",
            "resolved": "https://registry.npmjs.org/@aws-cdk/aws-autoscaling-hooktargets/-/aws-autoscaling-hooktargets-1.120.0.tgz",
            "integrity": "sha512-o/lF9k66gpEDhvV1vBS4qjM5HJW8rQdyIiGIkoWfCnkJT3Ad6sxVPz9NQFXNiQgahPO0xbK7V5hLLRSEzdGCnw==",
            "requires": {
                "@aws-cdk/aws-autoscaling": "1.120.0",
                "@aws-cdk/aws-iam": "1.120.0",
                "@aws-cdk/aws-kms": "1.120.0",
                "@aws-cdk/aws-lambda": "1.120.0",
                "@aws-cdk/aws-sns": "1.120.0",
                "@aws-cdk/aws-sns-subscriptions": "1.120.0",
                "@aws-cdk/aws-sqs": "1.120.0",
                "@aws-cdk/core": "1.120.0",
                "constructs": "^3.3.69"
            }
        },
        "@aws-cdk/aws-certificatemanager": {
            "version": "1.120.0",
            "resolved": "https://registry.npmjs.org/@aws-cdk/aws-certificatemanager/-/aws-certificatemanager-1.120.0.tgz",
            "integrity": "sha512-tMAN4pw/cRdaZ/KLQZLb1g4btI7WQTMEMGW9jEPzJ8LoaRPRygFQnvWDSjb5iOsFBeT3D6vI4dzZr5r2jO69RQ==",
            "requires": {
                "@aws-cdk/aws-cloudwatch": "1.120.0",
                "@aws-cdk/aws-iam": "1.120.0",
                "@aws-cdk/aws-lambda": "1.120.0",
                "@aws-cdk/aws-route53": "1.120.0",
                "@aws-cdk/core": "1.120.0",
                "constructs": "^3.3.69"
            }
        },
        "@aws-cdk/aws-cloudformation": {
            "version": "1.120.0",
            "resolved": "https://registry.npmjs.org/@aws-cdk/aws-cloudformation/-/aws-cloudformation-1.120.0.tgz",
            "integrity": "sha512-Mdgh5Lo0JH+wHnjQCfU0a+sATAuLUbOMpnyqRmsNb1KGoPuW1lgAqBwS1oF6ciFTvnrjq+fogX2kEPmYvg92Fg==",
            "requires": {
                "@aws-cdk/aws-iam": "1.120.0",
                "@aws-cdk/aws-lambda": "1.120.0",
                "@aws-cdk/aws-s3": "1.120.0",
                "@aws-cdk/aws-sns": "1.120.0",
                "@aws-cdk/core": "1.120.0",
                "@aws-cdk/cx-api": "1.120.0",
                "constructs": "^3.3.69"
            }
        },
        "@aws-cdk/aws-cloudfront": {
            "version": "1.120.0",
            "resolved": "https://registry.npmjs.org/@aws-cdk/aws-cloudfront/-/aws-cloudfront-1.120.0.tgz",
            "integrity": "sha512-IYQ4oDYlRDX+obl6Kv2Q3Jn22cm0tRQDE0oHtbHdiTUa7dx60tWBHS+m4wse8j3mmSkOKOsr9sXnhEtD3+zMIg==",
            "requires": {
                "@aws-cdk/aws-certificatemanager": "1.120.0",
                "@aws-cdk/aws-cloudwatch": "1.120.0",
                "@aws-cdk/aws-ec2": "1.120.0",
                "@aws-cdk/aws-iam": "1.120.0",
                "@aws-cdk/aws-kms": "1.120.0",
                "@aws-cdk/aws-lambda": "1.120.0",
                "@aws-cdk/aws-s3": "1.120.0",
                "@aws-cdk/aws-ssm": "1.120.0",
                "@aws-cdk/core": "1.120.0",
                "@aws-cdk/cx-api": "1.120.0",
                "constructs": "^3.3.69"
            }
        },
        "@aws-cdk/aws-cloudwatch": {
            "version": "1.120.0",
            "resolved": "https://registry.npmjs.org/@aws-cdk/aws-cloudwatch/-/aws-cloudwatch-1.120.0.tgz",
            "integrity": "sha512-zGKQ0FRhRdnWuyxjW9cAD4U+PfIc9ylxyP0ipteVmOChHs+HvltImY074STLeH7gGkJUfIo/7TqYG7UKcfTBnQ==",
            "requires": {
                "@aws-cdk/aws-iam": "1.120.0",
                "@aws-cdk/core": "1.120.0",
                "constructs": "^3.3.69"
            }
        },
        "@aws-cdk/aws-codebuild": {
            "version": "1.120.0",
            "resolved": "https://registry.npmjs.org/@aws-cdk/aws-codebuild/-/aws-codebuild-1.120.0.tgz",
            "integrity": "sha512-Mrk7jgtI3QiN85zF4XMKZvuc2kO8qdhNAsNDsYijKm39ymbfHa7mnDYzpYvOtx9nn2IbSG5ndUYjdK+OpLPfpw==",
            "requires": {
                "@aws-cdk/aws-cloudwatch": "1.120.0",
                "@aws-cdk/aws-codecommit": "1.120.0",
                "@aws-cdk/aws-codestarnotifications": "1.120.0",
                "@aws-cdk/aws-ec2": "1.120.0",
                "@aws-cdk/aws-ecr": "1.120.0",
                "@aws-cdk/aws-ecr-assets": "1.120.0",
                "@aws-cdk/aws-events": "1.120.0",
                "@aws-cdk/aws-iam": "1.120.0",
                "@aws-cdk/aws-kms": "1.120.0",
                "@aws-cdk/aws-logs": "1.120.0",
                "@aws-cdk/aws-s3": "1.120.0",
                "@aws-cdk/aws-s3-assets": "1.120.0",
                "@aws-cdk/aws-secretsmanager": "1.120.0",
                "@aws-cdk/core": "1.120.0",
                "@aws-cdk/region-info": "1.120.0",
                "constructs": "^3.3.69",
                "yaml": "1.10.2"
            },
            "dependencies": {
                "yaml": {
                    "version": "1.10.2",
                    "bundled": true
                }
            }
        },
        "@aws-cdk/aws-codecommit": {
            "version": "1.120.0",
            "resolved": "https://registry.npmjs.org/@aws-cdk/aws-codecommit/-/aws-codecommit-1.120.0.tgz",
            "integrity": "sha512-C/wS72ZE45ePYW1GpP8Qv2BHK0aipIK2t2Aqr62gly8IvueWlfsqv7eqykGa4gw2vIJV9gHZvCUZOaKDTOqBdg==",
            "requires": {
                "@aws-cdk/aws-codestarnotifications": "1.120.0",
                "@aws-cdk/aws-events": "1.120.0",
                "@aws-cdk/aws-iam": "1.120.0",
                "@aws-cdk/core": "1.120.0",
                "constructs": "^3.3.69"
            }
        },
        "@aws-cdk/aws-codedeploy": {
            "version": "1.120.0",
            "resolved": "https://registry.npmjs.org/@aws-cdk/aws-codedeploy/-/aws-codedeploy-1.120.0.tgz",
            "integrity": "sha512-yN2dQcHDlD39r+KpAspSFeZ7h+7k7ikoULYcJjPPmPuFXcnBhhOFjrzohJ4izNY21pPbJmq4B4+ffnGQV7cxnA==",
            "requires": {
                "@aws-cdk/aws-autoscaling": "1.120.0",
                "@aws-cdk/aws-cloudwatch": "1.120.0",
                "@aws-cdk/aws-ec2": "1.120.0",
                "@aws-cdk/aws-elasticloadbalancing": "1.120.0",
                "@aws-cdk/aws-elasticloadbalancingv2": "1.120.0",
                "@aws-cdk/aws-iam": "1.120.0",
                "@aws-cdk/aws-lambda": "1.120.0",
                "@aws-cdk/aws-s3": "1.120.0",
                "@aws-cdk/core": "1.120.0",
                "@aws-cdk/custom-resources": "1.120.0",
                "constructs": "^3.3.69"
            }
        },
        "@aws-cdk/aws-codeguruprofiler": {
            "version": "1.120.0",
            "resolved": "https://registry.npmjs.org/@aws-cdk/aws-codeguruprofiler/-/aws-codeguruprofiler-1.120.0.tgz",
            "integrity": "sha512-cJ6VAJt3HWkgp/3t/1YsjJxo3yLpVrhAelwrEFlvQkfKKyTCD/i+L2eL4MaD2lLPyCCxwK7LKvnr3BgclgKtsg==",
            "requires": {
                "@aws-cdk/aws-iam": "1.120.0",
                "@aws-cdk/core": "1.120.0",
                "constructs": "^3.3.69"
            }
        },
        "@aws-cdk/aws-codepipeline": {
            "version": "1.120.0",
            "resolved": "https://registry.npmjs.org/@aws-cdk/aws-codepipeline/-/aws-codepipeline-1.120.0.tgz",
            "integrity": "sha512-oGyHDuEY+k+IXyzQMmcyWm9d8fZ9RkvQleITyvn6KsNSOVwsrW2O3it70Z7k6TVHHCHK5O7XvNIEzV+IMdx4fA==",
            "requires": {
                "@aws-cdk/aws-codestarnotifications": "1.120.0",
                "@aws-cdk/aws-events": "1.120.0",
                "@aws-cdk/aws-iam": "1.120.0",
                "@aws-cdk/aws-kms": "1.120.0",
                "@aws-cdk/aws-s3": "1.120.0",
                "@aws-cdk/core": "1.120.0",
                "constructs": "^3.3.69"
            }
        },
        "@aws-cdk/aws-codepipeline-actions": {
            "version": "1.120.0",
            "resolved": "https://registry.npmjs.org/@aws-cdk/aws-codepipeline-actions/-/aws-codepipeline-actions-1.120.0.tgz",
            "integrity": "sha512-pyqdCf/hEwRi+gjybDjO0Z3iN63Mk2e/a+FYI6C/y6eRstDRh5gmYw2/c8askwagG/I6QRBYvSNPihtAShJGxQ==",
            "requires": {
                "@aws-cdk/aws-cloudformation": "1.120.0",
                "@aws-cdk/aws-codebuild": "1.120.0",
                "@aws-cdk/aws-codecommit": "1.120.0",
                "@aws-cdk/aws-codedeploy": "1.120.0",
                "@aws-cdk/aws-codepipeline": "1.120.0",
                "@aws-cdk/aws-ec2": "1.120.0",
                "@aws-cdk/aws-ecr": "1.120.0",
                "@aws-cdk/aws-ecs": "1.120.0",
                "@aws-cdk/aws-events": "1.120.0",
                "@aws-cdk/aws-events-targets": "1.120.0",
                "@aws-cdk/aws-iam": "1.120.0",
                "@aws-cdk/aws-kms": "1.120.0",
                "@aws-cdk/aws-lambda": "1.120.0",
                "@aws-cdk/aws-s3": "1.120.0",
                "@aws-cdk/aws-sns": "1.120.0",
                "@aws-cdk/aws-sns-subscriptions": "1.120.0",
                "@aws-cdk/aws-stepfunctions": "1.120.0",
                "@aws-cdk/core": "1.120.0",
                "case": "1.6.3",
                "constructs": "^3.3.69"
            },
            "dependencies": {
                "case": {
                    "version": "1.6.3",
                    "bundled": true
                }
            }
        },
        "@aws-cdk/aws-codestarnotifications": {
            "version": "1.120.0",
            "resolved": "https://registry.npmjs.org/@aws-cdk/aws-codestarnotifications/-/aws-codestarnotifications-1.120.0.tgz",
            "integrity": "sha512-dqbl0vIe2muXzhhoy6lCYKyPl4KNx+N5BQ5avLWj+Rd4NysEKUaAQEGsEX243R9uo0ZJyA4Jo2RYXN+m2b5G2Q==",
            "requires": {
                "@aws-cdk/core": "1.120.0",
                "constructs": "^3.3.69"
            }
        },
        "@aws-cdk/aws-cognito": {
            "version": "1.120.0",
            "resolved": "https://registry.npmjs.org/@aws-cdk/aws-cognito/-/aws-cognito-1.120.0.tgz",
            "integrity": "sha512-EFFiJuJhRGkVjB4LGWIth5DKnKPL1R2ZLbKsYtTcwnc3UZIbKtHZS6STQd8wYvM0rryagukmS+rdC9l+NmGWJQ==",
            "requires": {
                "@aws-cdk/aws-certificatemanager": "1.120.0",
                "@aws-cdk/aws-iam": "1.120.0",
                "@aws-cdk/aws-lambda": "1.120.0",
                "@aws-cdk/core": "1.120.0",
                "@aws-cdk/custom-resources": "1.120.0",
                "constructs": "^3.3.69",
                "punycode": "^2.1.1"
            },
            "dependencies": {
                "punycode": {
                    "version": "2.1.1",
                    "bundled": true
                }
            }
        },
        "@aws-cdk/aws-ec2": {
            "version": "1.120.0",
            "resolved": "https://registry.npmjs.org/@aws-cdk/aws-ec2/-/aws-ec2-1.120.0.tgz",
            "integrity": "sha512-KF47sR3dHeCWkK5Ch6r6Kdf0ZFn8Hme+SgCrv/5PvftYmlJrOLFWb8QNn46Tkd/BZm0IZumCHK4SPDmMSfyXPg==",
            "requires": {
                "@aws-cdk/aws-cloudwatch": "1.120.0",
                "@aws-cdk/aws-iam": "1.120.0",
                "@aws-cdk/aws-kms": "1.120.0",
                "@aws-cdk/aws-logs": "1.120.0",
                "@aws-cdk/aws-s3": "1.120.0",
                "@aws-cdk/aws-s3-assets": "1.120.0",
                "@aws-cdk/aws-ssm": "1.120.0",
                "@aws-cdk/cloud-assembly-schema": "1.120.0",
                "@aws-cdk/core": "1.120.0",
                "@aws-cdk/cx-api": "1.120.0",
                "@aws-cdk/region-info": "1.120.0",
                "constructs": "^3.3.69"
            }
        },
        "@aws-cdk/aws-ecr": {
            "version": "1.120.0",
            "resolved": "https://registry.npmjs.org/@aws-cdk/aws-ecr/-/aws-ecr-1.120.0.tgz",
            "integrity": "sha512-YiF3h4DPxIzV/7muHA9iLgyNSJgPSPhcvcOpW+eatFJbp7LyfIb/m0By9NwxKx1MixSZM4DU+kQbpRxUDXlk3Q==",
            "requires": {
                "@aws-cdk/aws-events": "1.120.0",
                "@aws-cdk/aws-iam": "1.120.0",
                "@aws-cdk/core": "1.120.0",
                "constructs": "^3.3.69"
            }
        },
        "@aws-cdk/aws-ecr-assets": {
            "version": "1.120.0",
            "resolved": "https://registry.npmjs.org/@aws-cdk/aws-ecr-assets/-/aws-ecr-assets-1.120.0.tgz",
            "integrity": "sha512-LLFM7aAl5QuRb1WqAvAuuVreduLL0uQk8rr9J5gbZSc1Jjjs9TNLVKdtvS7K8VUaZ9unVNvAARm/MXuqOmETeg==",
            "requires": {
                "@aws-cdk/assets": "1.120.0",
                "@aws-cdk/aws-ecr": "1.120.0",
                "@aws-cdk/aws-iam": "1.120.0",
                "@aws-cdk/aws-s3": "1.120.0",
                "@aws-cdk/core": "1.120.0",
                "@aws-cdk/cx-api": "1.120.0",
                "constructs": "^3.3.69",
                "minimatch": "^3.0.4"
            },
            "dependencies": {
                "balanced-match": {
                    "version": "1.0.2",
                    "bundled": true
                },
                "brace-expansion": {
                    "version": "1.1.11",
                    "bundled": true,
                    "requires": {
                        "balanced-match": "^1.0.0",
                        "concat-map": "0.0.1"
                    }
                },
                "concat-map": {
                    "version": "0.0.1",
                    "bundled": true
                },
                "minimatch": {
                    "version": "3.0.4",
                    "bundled": true,
                    "requires": {
                        "brace-expansion": "^1.1.7"
                    }
                }
            }
        },
        "@aws-cdk/aws-ecs": {
            "version": "1.120.0",
            "resolved": "https://registry.npmjs.org/@aws-cdk/aws-ecs/-/aws-ecs-1.120.0.tgz",
            "integrity": "sha512-0C5tbRDs9XKCwo2/PpoW1pePz2xjwuTsMpjnPt3RsDSbPButYCpT9id8ANCODycGvdTknhMu/TT49bOS/7G1Yw==",
            "requires": {
                "@aws-cdk/aws-applicationautoscaling": "1.120.0",
                "@aws-cdk/aws-autoscaling": "1.120.0",
                "@aws-cdk/aws-autoscaling-hooktargets": "1.120.0",
                "@aws-cdk/aws-certificatemanager": "1.120.0",
                "@aws-cdk/aws-cloudwatch": "1.120.0",
                "@aws-cdk/aws-ec2": "1.120.0",
                "@aws-cdk/aws-ecr": "1.120.0",
                "@aws-cdk/aws-ecr-assets": "1.120.0",
                "@aws-cdk/aws-elasticloadbalancing": "1.120.0",
                "@aws-cdk/aws-elasticloadbalancingv2": "1.120.0",
                "@aws-cdk/aws-iam": "1.120.0",
                "@aws-cdk/aws-kms": "1.120.0",
                "@aws-cdk/aws-lambda": "1.120.0",
                "@aws-cdk/aws-logs": "1.120.0",
                "@aws-cdk/aws-route53": "1.120.0",
                "@aws-cdk/aws-route53-targets": "1.120.0",
                "@aws-cdk/aws-s3": "1.120.0",
                "@aws-cdk/aws-s3-assets": "1.120.0",
                "@aws-cdk/aws-secretsmanager": "1.120.0",
                "@aws-cdk/aws-servicediscovery": "1.120.0",
                "@aws-cdk/aws-sns": "1.120.0",
                "@aws-cdk/aws-sqs": "1.120.0",
                "@aws-cdk/aws-ssm": "1.120.0",
                "@aws-cdk/core": "1.120.0",
                "@aws-cdk/cx-api": "1.120.0",
                "constructs": "^3.3.69"
            }
        },
        "@aws-cdk/aws-efs": {
            "version": "1.120.0",
            "resolved": "https://registry.npmjs.org/@aws-cdk/aws-efs/-/aws-efs-1.120.0.tgz",
            "integrity": "sha512-Q1fzHKIP1SS6EFhESM2BPmZ1h0U6hzD9K5z7iMPfmjMRPQeOzXS8VPQdSJuzi++M7+2B5eAITkEI867nmutfkQ==",
            "requires": {
                "@aws-cdk/aws-ec2": "1.120.0",
                "@aws-cdk/aws-iam": "1.120.0",
                "@aws-cdk/aws-kms": "1.120.0",
                "@aws-cdk/cloud-assembly-schema": "1.120.0",
                "@aws-cdk/core": "1.120.0",
                "@aws-cdk/cx-api": "1.120.0",
                "constructs": "^3.3.69"
            }
        },
        "@aws-cdk/aws-elasticloadbalancing": {
            "version": "1.120.0",
            "resolved": "https://registry.npmjs.org/@aws-cdk/aws-elasticloadbalancing/-/aws-elasticloadbalancing-1.120.0.tgz",
            "integrity": "sha512-arUq1hGx67z9LkI3Q+MIBb5fIFYA60DatdiGtyYFg0YoJtj6fmHgByfowtJLrpv3iDq/UaIn8k392uWL59Be3w==",
            "requires": {
                "@aws-cdk/aws-ec2": "1.120.0",
                "@aws-cdk/core": "1.120.0",
                "constructs": "^3.3.69"
            }
        },
        "@aws-cdk/aws-elasticloadbalancingv2": {
            "version": "1.120.0",
            "resolved": "https://registry.npmjs.org/@aws-cdk/aws-elasticloadbalancingv2/-/aws-elasticloadbalancingv2-1.120.0.tgz",
            "integrity": "sha512-x4x/9HqOBXlqLmtmKxRGKsgQ1lW3DVJMet8ONahEPsL1zLb2nRiQooJ1b95U6QmIJ6GK88VC+v4TCuiGBBYl0w==",
            "requires": {
                "@aws-cdk/aws-certificatemanager": "1.120.0",
                "@aws-cdk/aws-cloudwatch": "1.120.0",
                "@aws-cdk/aws-ec2": "1.120.0",
                "@aws-cdk/aws-iam": "1.120.0",
                "@aws-cdk/aws-lambda": "1.120.0",
                "@aws-cdk/aws-s3": "1.120.0",
                "@aws-cdk/cloud-assembly-schema": "1.120.0",
                "@aws-cdk/core": "1.120.0",
                "@aws-cdk/cx-api": "1.120.0",
                "@aws-cdk/region-info": "1.120.0",
                "constructs": "^3.3.69"
            }
        },
        "@aws-cdk/aws-events": {
            "version": "1.120.0",
            "resolved": "https://registry.npmjs.org/@aws-cdk/aws-events/-/aws-events-1.120.0.tgz",
            "integrity": "sha512-LEPMi9lPO7ywXxrL2Cu2tSr6aivDHYWWNtbNOto4BXWAwy5+BEL4fRujx25XAf0G3b6DJtatGXOM8E9Vnyqk/A==",
            "requires": {
                "@aws-cdk/aws-iam": "1.120.0",
                "@aws-cdk/core": "1.120.0",
                "constructs": "^3.3.69"
            }
        },
        "@aws-cdk/aws-events-targets": {
            "version": "1.120.0",
            "resolved": "https://registry.npmjs.org/@aws-cdk/aws-events-targets/-/aws-events-targets-1.120.0.tgz",
            "integrity": "sha512-cCRNc7420D394Fb3k4xowQ8UA2oz/HIHoSDzGm26A0R8Wbgha77sHccYn8Romxj4oz/+GdC1rkptyJ2vqnVwXA==",
            "requires": {
                "@aws-cdk/aws-apigateway": "1.120.0",
                "@aws-cdk/aws-codebuild": "1.120.0",
                "@aws-cdk/aws-codepipeline": "1.120.0",
                "@aws-cdk/aws-ec2": "1.120.0",
                "@aws-cdk/aws-ecs": "1.120.0",
                "@aws-cdk/aws-events": "1.120.0",
                "@aws-cdk/aws-iam": "1.120.0",
                "@aws-cdk/aws-kinesis": "1.120.0",
                "@aws-cdk/aws-kinesisfirehose": "1.120.0",
                "@aws-cdk/aws-kms": "1.120.0",
                "@aws-cdk/aws-lambda": "1.120.0",
                "@aws-cdk/aws-logs": "1.120.0",
                "@aws-cdk/aws-sns": "1.120.0",
                "@aws-cdk/aws-sns-subscriptions": "1.120.0",
                "@aws-cdk/aws-sqs": "1.120.0",
                "@aws-cdk/aws-stepfunctions": "1.120.0",
                "@aws-cdk/core": "1.120.0",
                "@aws-cdk/custom-resources": "1.120.0",
                "constructs": "^3.3.69"
            }
        },
        "@aws-cdk/aws-globalaccelerator": {
            "version": "1.120.0",
            "resolved": "https://registry.npmjs.org/@aws-cdk/aws-globalaccelerator/-/aws-globalaccelerator-1.120.0.tgz",
            "integrity": "sha512-aknUNWg1CNJgNczIe50nlv2F5AY1D0icZhBAJUhFLKgdXDuG21D3UW3H+8uQ4xlvsb3dSNjp9giYUoyqKK4Fjw==",
            "requires": {
                "@aws-cdk/aws-ec2": "1.120.0",
                "@aws-cdk/core": "1.120.0",
                "@aws-cdk/custom-resources": "1.120.0",
                "constructs": "^3.3.69"
            }
        },
        "@aws-cdk/aws-guardduty": {
            "version": "1.120.0",
            "resolved": "https://registry.npmjs.org/@aws-cdk/aws-guardduty/-/aws-guardduty-1.120.0.tgz",
            "integrity": "sha512-W7+upuk8qsaF8WtT8KTgtCQ3GZiGPBUou68IlTYnt9NR3FRhENQSxYYCAh4yFgVHzut0H+GqrFnQIU2c8kFc0g==",
            "requires": {
                "@aws-cdk/core": "1.120.0",
                "constructs": "^3.3.69"
            }
        },
        "@aws-cdk/aws-iam": {
            "version": "1.120.0",
            "resolved": "https://registry.npmjs.org/@aws-cdk/aws-iam/-/aws-iam-1.120.0.tgz",
            "integrity": "sha512-AeZ0z90YONwb/NWPW+xbKnb7eH0olKzI8f5Z7DL0Wex3KpMA7DoRfwdOXs06vQsz4JEJYM1BwzhG3llOMdoJxQ==",
            "requires": {
                "@aws-cdk/core": "1.120.0",
                "@aws-cdk/region-info": "1.120.0",
                "constructs": "^3.3.69"
            }
        },
        "@aws-cdk/aws-kinesis": {
            "version": "1.120.0",
            "resolved": "https://registry.npmjs.org/@aws-cdk/aws-kinesis/-/aws-kinesis-1.120.0.tgz",
            "integrity": "sha512-8CxsDscOWAryRz5pkDyx+Pk3wS7J5OUG5q/ych7XE+s6EU6URQOzB4m89JRM18Xj+9JNP8ifc1mnlERPwb2w9A==",
            "requires": {
                "@aws-cdk/aws-cloudwatch": "1.120.0",
                "@aws-cdk/aws-iam": "1.120.0",
                "@aws-cdk/aws-kms": "1.120.0",
                "@aws-cdk/aws-logs": "1.120.0",
                "@aws-cdk/core": "1.120.0",
                "constructs": "^3.3.69"
            }
        },
        "@aws-cdk/aws-kinesisfirehose": {
            "version": "1.120.0",
            "resolved": "https://registry.npmjs.org/@aws-cdk/aws-kinesisfirehose/-/aws-kinesisfirehose-1.120.0.tgz",
            "integrity": "sha512-0KPXchFX6Cm/N64SizYSvj8FjfWI+QnZ4QsdUPZOwLHsiHdSJS/kgDGqq1ZZYij1KGKcOSYOXZRaO3lGX7qujg==",
            "requires": {
                "@aws-cdk/aws-cloudwatch": "1.120.0",
                "@aws-cdk/aws-ec2": "1.120.0",
                "@aws-cdk/aws-iam": "1.120.0",
                "@aws-cdk/aws-kinesis": "1.120.0",
                "@aws-cdk/aws-kms": "1.120.0",
                "@aws-cdk/aws-lambda": "1.120.0",
                "@aws-cdk/aws-logs": "1.120.0",
                "@aws-cdk/aws-s3": "1.120.0",
                "@aws-cdk/core": "1.120.0",
                "@aws-cdk/region-info": "1.120.0",
                "constructs": "^3.3.69"
            }
        },
        "@aws-cdk/aws-kms": {
            "version": "1.120.0",
            "resolved": "https://registry.npmjs.org/@aws-cdk/aws-kms/-/aws-kms-1.120.0.tgz",
            "integrity": "sha512-n57Gt46BxtrBkPikAwbo+S6aIHstPUAVL2J7cJZ/ZiU91HMOkranMCOnYa9IQ4k8coZQAisSMfp6PEJayd9i0A==",
            "requires": {
                "@aws-cdk/aws-iam": "1.120.0",
                "@aws-cdk/core": "1.120.0",
                "@aws-cdk/cx-api": "1.120.0",
                "constructs": "^3.3.69"
            }
        },
        "@aws-cdk/aws-lambda": {
            "version": "1.120.0",
            "resolved": "https://registry.npmjs.org/@aws-cdk/aws-lambda/-/aws-lambda-1.120.0.tgz",
            "integrity": "sha512-eQuw91z1vBf6xO7Zkzym/8eOqPIKaBTZ5w82oR54rtFB2V6JTk6PdQkYIRFaumR/lptD2O1rAS0Qml2gccB8Zw==",
            "requires": {
                "@aws-cdk/aws-applicationautoscaling": "1.120.0",
                "@aws-cdk/aws-cloudwatch": "1.120.0",
                "@aws-cdk/aws-codeguruprofiler": "1.120.0",
                "@aws-cdk/aws-ec2": "1.120.0",
                "@aws-cdk/aws-ecr": "1.120.0",
                "@aws-cdk/aws-ecr-assets": "1.120.0",
                "@aws-cdk/aws-efs": "1.120.0",
                "@aws-cdk/aws-events": "1.120.0",
                "@aws-cdk/aws-iam": "1.120.0",
                "@aws-cdk/aws-kms": "1.120.0",
                "@aws-cdk/aws-logs": "1.120.0",
                "@aws-cdk/aws-s3": "1.120.0",
                "@aws-cdk/aws-s3-assets": "1.120.0",
                "@aws-cdk/aws-signer": "1.120.0",
                "@aws-cdk/aws-sqs": "1.120.0",
                "@aws-cdk/core": "1.120.0",
                "@aws-cdk/cx-api": "1.120.0",
                "@aws-cdk/region-info": "1.120.0",
                "constructs": "^3.3.69"
            }
        },
        "@aws-cdk/aws-logs": {
            "version": "1.120.0",
            "resolved": "https://registry.npmjs.org/@aws-cdk/aws-logs/-/aws-logs-1.120.0.tgz",
            "integrity": "sha512-kUiPmEt4CIq9TsAW0wdwna8os8BQrdCoqqO9J26PpsB5rL/MNlVCYpf6rDBwujEWD/p+8tPgVwWVsz6j73RXyw==",
            "requires": {
                "@aws-cdk/aws-cloudwatch": "1.120.0",
                "@aws-cdk/aws-iam": "1.120.0",
                "@aws-cdk/aws-kms": "1.120.0",
                "@aws-cdk/aws-s3-assets": "1.120.0",
                "@aws-cdk/core": "1.120.0",
                "constructs": "^3.3.69"
            }
        },
        "@aws-cdk/aws-route53": {
            "version": "1.120.0",
            "resolved": "https://registry.npmjs.org/@aws-cdk/aws-route53/-/aws-route53-1.120.0.tgz",
            "integrity": "sha512-i6zrLICYCZZ9Ym55kDgVeTuFBBj1b0gl4xtqsamJdA+rs1rf9tyfqhq0Y5/rWd4u3mgMMFAcgO+PWcMJPkQJHw==",
            "requires": {
                "@aws-cdk/aws-ec2": "1.120.0",
                "@aws-cdk/aws-iam": "1.120.0",
                "@aws-cdk/aws-logs": "1.120.0",
                "@aws-cdk/cloud-assembly-schema": "1.120.0",
                "@aws-cdk/core": "1.120.0",
                "@aws-cdk/custom-resources": "1.120.0",
                "constructs": "^3.3.69"
            }
        },
        "@aws-cdk/aws-route53-targets": {
            "version": "1.120.0",
            "resolved": "https://registry.npmjs.org/@aws-cdk/aws-route53-targets/-/aws-route53-targets-1.120.0.tgz",
            "integrity": "sha512-o8QcnLlRzII/eAXp9/G3FzAMZBZs5BVJX2CvcYpz32uGw4FVINb8r8nF4pVWK8uLOQdznqzIa3mqZaFuckQAZA==",
            "requires": {
                "@aws-cdk/aws-apigateway": "1.120.0",
                "@aws-cdk/aws-cloudfront": "1.120.0",
                "@aws-cdk/aws-cognito": "1.120.0",
                "@aws-cdk/aws-ec2": "1.120.0",
                "@aws-cdk/aws-elasticloadbalancing": "1.120.0",
                "@aws-cdk/aws-elasticloadbalancingv2": "1.120.0",
                "@aws-cdk/aws-globalaccelerator": "1.120.0",
                "@aws-cdk/aws-iam": "1.120.0",
                "@aws-cdk/aws-route53": "1.120.0",
                "@aws-cdk/aws-s3": "1.120.0",
                "@aws-cdk/core": "1.120.0",
                "@aws-cdk/region-info": "1.120.0",
                "constructs": "^3.3.69"
            }
        },
        "@aws-cdk/aws-s3": {
            "version": "1.120.0",
            "resolved": "https://registry.npmjs.org/@aws-cdk/aws-s3/-/aws-s3-1.120.0.tgz",
            "integrity": "sha512-arMKYYhXV05JMjytMYpXFyF/2FTjIMcVyjZmSxTvISBzB0GgxGoCHjB/g1oj1w2L3hpV9/lpY8ZqQPuFM5PclA==",
            "requires": {
                "@aws-cdk/aws-events": "1.120.0",
                "@aws-cdk/aws-iam": "1.120.0",
                "@aws-cdk/aws-kms": "1.120.0",
                "@aws-cdk/core": "1.120.0",
                "@aws-cdk/cx-api": "1.120.0",
                "constructs": "^3.3.69"
            }
        },
        "@aws-cdk/aws-s3-assets": {
            "version": "1.120.0",
            "resolved": "https://registry.npmjs.org/@aws-cdk/aws-s3-assets/-/aws-s3-assets-1.120.0.tgz",
            "integrity": "sha512-+bZskdp/MpbV7A67S4HTVwgFZy6oktgUyMY18iX3gUos3iMfVlg+1jeFwvzzsfxmv37n/z0Y13lfJ3LKMjV3ZA==",
            "requires": {
                "@aws-cdk/assets": "1.120.0",
                "@aws-cdk/aws-iam": "1.120.0",
                "@aws-cdk/aws-kms": "1.120.0",
                "@aws-cdk/aws-s3": "1.120.0",
                "@aws-cdk/core": "1.120.0",
                "@aws-cdk/cx-api": "1.120.0",
                "constructs": "^3.3.69"
            }
        },
        "@aws-cdk/aws-s3-deployment": {
            "version": "1.120.0",
            "resolved": "https://registry.npmjs.org/@aws-cdk/aws-s3-deployment/-/aws-s3-deployment-1.120.0.tgz",
            "integrity": "sha512-1Ll9RtdQiUTOykVmlZsPe8gTjcfYhmOLtpLPjaKj/EupGfARkddW5m+Sydx9GQXCw1QUivnltAlmrKoz6zb6vw==",
            "requires": {
                "@aws-cdk/aws-cloudfront": "1.120.0",
                "@aws-cdk/aws-ec2": "1.120.0",
                "@aws-cdk/aws-iam": "1.120.0",
                "@aws-cdk/aws-lambda": "1.120.0",
                "@aws-cdk/aws-s3": "1.120.0",
                "@aws-cdk/aws-s3-assets": "1.120.0",
                "@aws-cdk/core": "1.120.0",
                "@aws-cdk/lambda-layer-awscli": "1.120.0",
                "case": "1.6.3",
                "constructs": "^3.3.69"
            },
            "dependencies": {
                "case": {
                    "version": "1.6.3",
                    "bundled": true
                }
            }
        },
        "@aws-cdk/aws-sam": {
            "version": "1.120.0",
            "resolved": "https://registry.npmjs.org/@aws-cdk/aws-sam/-/aws-sam-1.120.0.tgz",
            "integrity": "sha512-ZBkC7xIR6uvGcPqpnGKt7WALM2EnzshfBWVMdndlGU3oPYqMKfcSAj0VuVR0B81pz+nm1eYnRMECaYsiCtjx3g==",
            "requires": {
                "@aws-cdk/core": "1.120.0",
                "constructs": "^3.3.69"
            }
        },
        "@aws-cdk/aws-secretsmanager": {
            "version": "1.120.0",
            "resolved": "https://registry.npmjs.org/@aws-cdk/aws-secretsmanager/-/aws-secretsmanager-1.120.0.tgz",
            "integrity": "sha512-wvePcTpKSj9OebhxMCwLURjgaQgZ4BpeVTjSQ68yqhO+vtB3uUPkn/SjAU/n3A6CozyIQVGgbbd/cGYqPFGInQ==",
            "requires": {
                "@aws-cdk/aws-ec2": "1.120.0",
                "@aws-cdk/aws-iam": "1.120.0",
                "@aws-cdk/aws-kms": "1.120.0",
                "@aws-cdk/aws-lambda": "1.120.0",
                "@aws-cdk/aws-sam": "1.120.0",
                "@aws-cdk/core": "1.120.0",
                "@aws-cdk/cx-api": "1.120.0",
                "constructs": "^3.3.69"
            }
        },
        "@aws-cdk/aws-servicediscovery": {
            "version": "1.120.0",
            "resolved": "https://registry.npmjs.org/@aws-cdk/aws-servicediscovery/-/aws-servicediscovery-1.120.0.tgz",
            "integrity": "sha512-zsWrs6/4TWGW5K910XbZfiXAwZfs3WUIbTQeIR3q138A3ypPpl4X5V+spOAOIWVurim8hBpCswOG/+awUd72aw==",
            "requires": {
                "@aws-cdk/aws-ec2": "1.120.0",
                "@aws-cdk/aws-elasticloadbalancingv2": "1.120.0",
                "@aws-cdk/aws-route53": "1.120.0",
                "@aws-cdk/core": "1.120.0",
                "constructs": "^3.3.69"
            }
        },
        "@aws-cdk/aws-signer": {
            "version": "1.120.0",
            "resolved": "https://registry.npmjs.org/@aws-cdk/aws-signer/-/aws-signer-1.120.0.tgz",
            "integrity": "sha512-kRq5tHbnF8QiyjFWHo2QVCeAX/WyWTldp14piqOh6/UdzXYC8mRSFPw/R9+p7fkdAeVVcaQcSXFCkI7i8dQYlg==",
            "requires": {
                "@aws-cdk/core": "1.120.0",
                "constructs": "^3.3.69"
            }
        },
        "@aws-cdk/aws-sns": {
            "version": "1.120.0",
            "resolved": "https://registry.npmjs.org/@aws-cdk/aws-sns/-/aws-sns-1.120.0.tgz",
            "integrity": "sha512-kLW+BwdbFc0wlF19R3ngyEE5L+C73ghDOYCk3S4/6WvWvhuY6KnTjSyaEJ4TikkrXHwWLGbYGo19bQDtRQj1mw==",
            "requires": {
                "@aws-cdk/aws-cloudwatch": "1.120.0",
                "@aws-cdk/aws-codestarnotifications": "1.120.0",
                "@aws-cdk/aws-events": "1.120.0",
                "@aws-cdk/aws-iam": "1.120.0",
                "@aws-cdk/aws-kms": "1.120.0",
                "@aws-cdk/aws-sqs": "1.120.0",
                "@aws-cdk/core": "1.120.0",
                "constructs": "^3.3.69"
            }
        },
        "@aws-cdk/aws-sns-subscriptions": {
            "version": "1.120.0",
            "resolved": "https://registry.npmjs.org/@aws-cdk/aws-sns-subscriptions/-/aws-sns-subscriptions-1.120.0.tgz",
            "integrity": "sha512-UOxtTyU72Pw8KThxpw3YqDzEgh2vHn3JMF9tqVWzAvhJuKOpcVGZqxJdPme5I5pUYEtLAPS0qTTbzsv9FDByJg==",
            "requires": {
                "@aws-cdk/aws-iam": "1.120.0",
                "@aws-cdk/aws-kms": "1.120.0",
                "@aws-cdk/aws-lambda": "1.120.0",
                "@aws-cdk/aws-sns": "1.120.0",
                "@aws-cdk/aws-sqs": "1.120.0",
                "@aws-cdk/core": "1.120.0",
                "constructs": "^3.3.69"
            }
        },
        "@aws-cdk/aws-sqs": {
            "version": "1.120.0",
            "resolved": "https://registry.npmjs.org/@aws-cdk/aws-sqs/-/aws-sqs-1.120.0.tgz",
            "integrity": "sha512-YgLSKJ5QnzDtwl4lDdO9XphVIp7IXZv4GPs9h4gC5jJExaEmTx17yTAMrGZ7b4xqS6n9eYKQfoZl9Dp6IsILTQ==",
            "requires": {
                "@aws-cdk/aws-cloudwatch": "1.120.0",
                "@aws-cdk/aws-iam": "1.120.0",
                "@aws-cdk/aws-kms": "1.120.0",
                "@aws-cdk/core": "1.120.0",
                "constructs": "^3.3.69"
            }
        },
        "@aws-cdk/aws-ssm": {
            "version": "1.120.0",
            "resolved": "https://registry.npmjs.org/@aws-cdk/aws-ssm/-/aws-ssm-1.120.0.tgz",
            "integrity": "sha512-x+4E1P2F5K88mjE99i3Nf1TyxFHrh4rHL/p2Ew1Q3d+8Z+JWqwTPHC95GSZUQeiXWDxlAofFgB4AKwnho4paEA==",
            "requires": {
                "@aws-cdk/aws-iam": "1.120.0",
                "@aws-cdk/aws-kms": "1.120.0",
                "@aws-cdk/cloud-assembly-schema": "1.120.0",
                "@aws-cdk/core": "1.120.0",
                "constructs": "^3.3.69"
            }
        },
        "@aws-cdk/aws-stepfunctions": {
            "version": "1.120.0",
            "resolved": "https://registry.npmjs.org/@aws-cdk/aws-stepfunctions/-/aws-stepfunctions-1.120.0.tgz",
            "integrity": "sha512-Iv1N0TmAUoBxPeQSxGeVElFoD4z7O3sSD+g2q5d7/pVfl1p+8yGVGHW8H+3PQwQJRlbh4fAacse5FU94AN4wlw==",
            "requires": {
                "@aws-cdk/aws-cloudwatch": "1.120.0",
                "@aws-cdk/aws-events": "1.120.0",
                "@aws-cdk/aws-iam": "1.120.0",
                "@aws-cdk/aws-logs": "1.120.0",
                "@aws-cdk/aws-s3": "1.120.0",
                "@aws-cdk/core": "1.120.0",
                "constructs": "^3.3.69"
            }
        },
        "@aws-cdk/cloud-assembly-schema": {
            "version": "1.120.0",
            "resolved": "https://registry.npmjs.org/@aws-cdk/cloud-assembly-schema/-/cloud-assembly-schema-1.120.0.tgz",
            "integrity": "sha512-W8CfFYLekobHxQ4on/mygfx8HOFIYverUl0LzvNMxzjpvOl5JQVRYG1azDDLRFomuLvw/6RZpJas8nDUi0y4oA==",
            "requires": {
                "jsonschema": "^1.4.0",
                "semver": "^7.3.5"
            },
            "dependencies": {
                "jsonschema": {
                    "version": "1.4.0",
                    "bundled": true
                },
                "lru-cache": {
                    "version": "6.0.0",
                    "bundled": true,
                    "requires": {
                        "yallist": "^4.0.0"
                    }
                },
                "semver": {
                    "version": "7.3.5",
                    "bundled": true,
                    "requires": {
                        "lru-cache": "^6.0.0"
                    }
                },
                "yallist": {
                    "version": "4.0.0",
                    "bundled": true
                }
            }
        },
        "@aws-cdk/core": {
            "version": "1.120.0",
            "resolved": "https://registry.npmjs.org/@aws-cdk/core/-/core-1.120.0.tgz",
            "integrity": "sha512-BLWySkl1CUhHnatztB15b1u4+t6RYPaq5bQrdClcJq6sqf8p95Sn57sdNSJVfw31+9+m28vWUwfd7p8JnRStmg==",
            "requires": {
                "@aws-cdk/cloud-assembly-schema": "1.120.0",
                "@aws-cdk/cx-api": "1.120.0",
                "@aws-cdk/region-info": "1.120.0",
                "@balena/dockerignore": "^1.0.2",
                "constructs": "^3.3.69",
                "fs-extra": "^9.1.0",
                "ignore": "^5.1.8",
                "minimatch": "^3.0.4"
            },
            "dependencies": {
                "@balena/dockerignore": {
                    "version": "1.0.2",
                    "bundled": true
                },
                "at-least-node": {
                    "version": "1.0.0",
                    "bundled": true
                },
                "balanced-match": {
                    "version": "1.0.2",
                    "bundled": true
                },
                "brace-expansion": {
                    "version": "1.1.11",
                    "bundled": true,
                    "requires": {
                        "balanced-match": "^1.0.0",
                        "concat-map": "0.0.1"
                    }
                },
                "concat-map": {
                    "version": "0.0.1",
                    "bundled": true
                },
                "fs-extra": {
                    "version": "9.1.0",
                    "bundled": true,
                    "requires": {
                        "at-least-node": "^1.0.0",
                        "graceful-fs": "^4.2.0",
                        "jsonfile": "^6.0.1",
                        "universalify": "^2.0.0"
                    }
                },
                "graceful-fs": {
                    "version": "4.2.6",
                    "bundled": true
                },
                "ignore": {
                    "version": "5.1.8",
                    "bundled": true
                },
                "jsonfile": {
                    "version": "6.1.0",
                    "bundled": true,
                    "requires": {
                        "graceful-fs": "^4.1.6",
                        "universalify": "^2.0.0"
                    }
                },
                "minimatch": {
                    "version": "3.0.4",
                    "bundled": true,
                    "requires": {
                        "brace-expansion": "^1.1.7"
                    }
                },
                "universalify": {
                    "version": "2.0.0",
                    "bundled": true
                }
            }
        },
        "@aws-cdk/custom-resources": {
            "version": "1.120.0",
            "resolved": "https://registry.npmjs.org/@aws-cdk/custom-resources/-/custom-resources-1.120.0.tgz",
            "integrity": "sha512-SjJAD9QQtkRCw3xow6bcTR9Bmn6lldlglbuN8/+JQE0tv+tZTJ3FfGCFR7wEGeni6kS9v7fnAmfTgZbgl7VL9A==",
            "requires": {
                "@aws-cdk/aws-cloudformation": "1.120.0",
                "@aws-cdk/aws-ec2": "1.120.0",
                "@aws-cdk/aws-iam": "1.120.0",
                "@aws-cdk/aws-lambda": "1.120.0",
                "@aws-cdk/aws-logs": "1.120.0",
                "@aws-cdk/aws-sns": "1.120.0",
                "@aws-cdk/core": "1.120.0",
                "constructs": "^3.3.69"
            }
        },
        "@aws-cdk/cx-api": {
            "version": "1.120.0",
            "resolved": "https://registry.npmjs.org/@aws-cdk/cx-api/-/cx-api-1.120.0.tgz",
            "integrity": "sha512-ETlLjWyHwLEWEoggTCFs+BVEIFtgxAUHjkVkgYPfqnqFl29C6kQqgcXuOlIfRgisImRSQnWlzHf+6Tse5nR5Jw==",
            "requires": {
                "@aws-cdk/cloud-assembly-schema": "1.120.0",
                "semver": "^7.3.5"
            },
            "dependencies": {
                "lru-cache": {
                    "version": "6.0.0",
                    "bundled": true,
                    "requires": {
                        "yallist": "^4.0.0"
                    }
                },
                "semver": {
                    "version": "7.3.5",
                    "bundled": true,
                    "requires": {
                        "lru-cache": "^6.0.0"
                    }
                },
                "yallist": {
                    "version": "4.0.0",
                    "bundled": true
                }
            }
        },
        "@aws-cdk/lambda-layer-awscli": {
            "version": "1.120.0",
            "resolved": "https://registry.npmjs.org/@aws-cdk/lambda-layer-awscli/-/lambda-layer-awscli-1.120.0.tgz",
            "integrity": "sha512-jWzWxUU/wd5GW4sc+Fn5FYO3LuQs+a/ds8dVA+QnPms+drUuVzsHYdsUhpzhNYAPDS47OUS9SS6WI7XVY+P3rA==",
            "requires": {
                "@aws-cdk/aws-lambda": "1.120.0",
                "@aws-cdk/core": "1.120.0",
                "constructs": "^3.3.69"
            }
        },
        "@aws-cdk/pipelines": {
            "version": "1.120.0",
            "resolved": "https://registry.npmjs.org/@aws-cdk/pipelines/-/pipelines-1.120.0.tgz",
            "integrity": "sha512-EW9YUA5Q3aCTw72CI7i/tIJDEXZP00D7h+TBc9WVTPCcgBvFG7pLjztbhG+EYMxsY+L14EcvqcjnNImYmPhciQ==",
            "requires": {
                "@aws-cdk/aws-codebuild": "1.120.0",
                "@aws-cdk/aws-codecommit": "1.120.0",
                "@aws-cdk/aws-codepipeline": "1.120.0",
                "@aws-cdk/aws-codepipeline-actions": "1.120.0",
                "@aws-cdk/aws-ec2": "1.120.0",
                "@aws-cdk/aws-ecr": "1.120.0",
                "@aws-cdk/aws-events": "1.120.0",
                "@aws-cdk/aws-iam": "1.120.0",
                "@aws-cdk/aws-lambda": "1.120.0",
                "@aws-cdk/aws-s3": "1.120.0",
                "@aws-cdk/aws-s3-assets": "1.120.0",
                "@aws-cdk/aws-secretsmanager": "1.120.0",
                "@aws-cdk/aws-sns": "1.120.0",
                "@aws-cdk/cloud-assembly-schema": "1.120.0",
                "@aws-cdk/core": "1.120.0",
                "@aws-cdk/cx-api": "1.120.0",
                "constructs": "^3.3.69"
            }
        },
        "@aws-cdk/region-info": {
            "version": "1.120.0",
            "resolved": "https://registry.npmjs.org/@aws-cdk/region-info/-/region-info-1.120.0.tgz",
            "integrity": "sha512-DX315Ydn3+QgTodhyPZCQc2WvsKbQ7c/W44DdGv//zabZloTrXcXIeEGWkrUexJOpHPWqD7WLZsDm1uh3Ic4Og=="
        },
        "@types/node": {
            "version": "16.10.2",
            "resolved": "https://registry.npmjs.org/@types/node/-/node-16.10.2.tgz",
            "integrity": "sha512-zCclL4/rx+W5SQTzFs9wyvvyCwoK9QtBpratqz2IYJ3O8Umrn0m3nsTv0wQBk9sRGpvUe9CwPDrQFB10f1FIjQ==",
            "dev": true
        },
        "aws-cdk": {
            "version": "2.41.0",
            "resolved": "https://registry.npmjs.org/aws-cdk/-/aws-cdk-2.41.0.tgz",
            "integrity": "sha512-Ubko4X8VcbaLzcXvCQZPKBtgwBq033m5sSWtdrbdlDp7s2J4uWtY6KdO1uYKAvHyWjm7kGVmDyL1Wj1zx3TPUg==",
            "dev": true,
            "requires": {
                "fsevents": "2.3.2"
            }
        },
        "constructs": {
            "version": "3.3.141",
            "resolved": "https://registry.npmjs.org/constructs/-/constructs-3.3.141.tgz",
            "integrity": "sha512-oF/p2mwF4t2O88cChehKih1h3v6Ir3/8KeP/xtMi52p+hFOQL2jToll5ssLjN/6aemw9WuTzF2il9JcB4xaLCQ=="
        },
        "fsevents": {
            "version": "2.3.2",
            "resolved": "https://registry.npmjs.org/fsevents/-/fsevents-2.3.2.tgz",
            "integrity": "sha512-xiqMQR4xAeHTuB9uWm+fFRcIOgKBMiOBP+eXiyT7jsgVCq1bkVygt00oASowB7EdtpOHaaPgKt812P9ab+DDKA==",
            "dev": true,
            "optional": true
        },
        "typescript": {
            "version": "4.4.3",
            "resolved": "https://registry.npmjs.org/typescript/-/typescript-4.4.3.tgz",
            "integrity": "sha512-4xfscpisVgqqDfPaJo5vkd+Qd/ItkoagnHpufr+i2QCHBsNYp+G7UAoyFl8aPtx879u38wPV65rZ8qbGZijalA==",
            "dev": true
        }
    }
}
